{
    "_readme": [
        "This file locks the dependencies of your project to a known state",
        "Read more about it at https://getcomposer.org/doc/01-basic-usage.md#composer-lock-the-lock-file",
        "This file is @generated automatically"
    ],
    "content-hash": "e74c8506af6c17dcc3dd8c31843924c7",
    "packages": [
        {
            "name": "fabstract/assert",
            "version": "v0.1.0",
            "source": {
                "type": "git",
                "url": "https://github.com/Fabstract/Assert.git",
                "reference": "97b2555926723590e7fa64af9230745178051cbe"
            },
            "dist": {
                "type": "zip",
                "url": "https://api.github.com/repos/Fabstract/Assert/zipball/97b2555926723590e7fa64af9230745178051cbe",
                "reference": "97b2555926723590e7fa64af9230745178051cbe",
                "shasum": ""
            },
            "require": {
                "php": "^7.0"
            },
            "type": "library",
            "autoload": {
                "psr-4": {
                    "Fabstract\\Component\\Assert\\": "src"
                }
            },
            "notification-url": "https://packagist.org/downloads/",
            "license": [
                "MIT"
            ],
            "authors": [
                {
                    "name": "Ahmet Turk",
                    "email": "ahmetturk93@gmail.com",
                    "homepage": "https://github.com/fabstract"
                }
            ],
            "description": "Assertion for PHP",
            "keywords": [
                "assert",
                "php"
            ],
            "time": "2018-03-29T07:05:18+00:00"
        },
        {
            "name": "fabstract/event",
            "version": "v0.2.0",
            "source": {
                "type": "git",
                "url": "https://github.com/Fabstract/Event.git",
                "reference": "2ea31f1c68f177b1c3aa90cb0491826637f92976"
            },
            "dist": {
                "type": "zip",
                "url": "https://api.github.com/repos/Fabstract/Event/zipball/2ea31f1c68f177b1c3aa90cb0491826637f92976",
                "reference": "2ea31f1c68f177b1c3aa90cb0491826637f92976",
                "shasum": ""
            },
            "require": {
                "fabstract/assert": "^0.1.0",
                "php": "^7.0"
            },
            "type": "library",
            "autoload": {
                "psr-4": {
                    "Fabstract\\Component\\Event\\": "src"
                }
            },
            "notification-url": "https://packagist.org/downloads/",
            "license": [
                "MIT"
            ],
            "authors": [
                {
                    "name": "Ahmet Turk",
                    "email": "ahmetturk93@gmail.com",
                    "homepage": "https://github.com/fabstract"
                }
            ],
            "description": "Event library for PHP",
            "keywords": [
                "event",
                "php"
            ],
            "time": "2018-03-29T14:22:32+00:00"
        },
        {
            "name": "fabstract/lazy",
            "version": "v0.2.0",
            "source": {
                "type": "git",
                "url": "https://github.com/Fabstract/Lazy.git",
                "reference": "558b6d43777353899f74fa2aba866601031f6556"
            },
            "dist": {
                "type": "zip",
                "url": "https://api.github.com/repos/Fabstract/Lazy/zipball/558b6d43777353899f74fa2aba866601031f6556",
                "reference": "558b6d43777353899f74fa2aba866601031f6556",
                "shasum": ""
            },
            "require": {
                "fabstract/assert": "^0.1.0",
                "php": "^7.0"
            },
            "type": "library",
            "autoload": {
                "psr-4": {
                    "Fabstract\\Component\\Lazy\\": "src"
                }
            },
            "notification-url": "https://packagist.org/downloads/",
            "license": [
                "MIT"
            ],
            "authors": [
                {
                    "name": "Ahmet Turk",
                    "email": "ahmetturk93@gmail.com",
                    "homepage": "https://github.com/fabstract"
                }
            ],
            "description": "Lazy loading for PHP",
            "keywords": [
                "lazy",
                "php"
            ],
            "time": "2018-03-29T14:24:19+00:00"
        },
        {
            "name": "fabstract/linq",
            "version": "v0.1.0",
            "source": {
                "type": "git",
                "url": "https://github.com/Fabstract/LINQ.git",
                "reference": "cb574e35bb88b74196c5f059281a2830126cd926"
            },
            "dist": {
                "type": "zip",
                "url": "https://api.github.com/repos/Fabstract/LINQ/zipball/cb574e35bb88b74196c5f059281a2830126cd926",
                "reference": "cb574e35bb88b74196c5f059281a2830126cd926",
                "shasum": ""
            },
            "type": "library",
            "autoload": {
                "psr-4": {
                    "Fabstract\\Component\\LINQ\\": "src"
                }
            },
            "notification-url": "https://packagist.org/downloads/",
            "license": [
                "MIT"
            ],
            "authors": [
                {
                    "name": "Ahmet Turk",
                    "email": "ahmetturk93@gmail.com",
                    "homepage": "https://github.com/fabstract"
                }
            ],
            "description": "LINQ library for PHP",
            "keywords": [
                "linq",
                "php"
            ],
            "time": "2018-03-19T12:14:04+00:00"
        }
    ],
    "packages-dev": [],
    "aliases": [],
    "minimum-stability": "stable",
    "stability-flags": [],
    "prefer-stable": false,
    "prefer-lowest": false,
    "platform": {
        "php": "^7.0"
    },
    "platform-dev": []
}
